
Microsoft Visual Studio Solution File, Format Version 12.00
# Visual Studio Version 17
VisualStudioVersion = 17.0.31903.59
MinimumVisualStudioVersion = 10.0.40219.1
Project("{2150E333-8FDC-42A3-9474-1A3956D46DE8}") = "src", "src", "{1C1BF1EB-54EE-4A32-B102-5E4115D35208}"
EndProject
Project("{FAE04EC0-301F-11D3-BF4B-00C04F79EFBC}") = "Application", "src\Application\Application.csproj", "{305B8378-8D99-4C81-A4A8-611151FF9891}"
EndProject
Project("{FAE04EC0-301F-11D3-BF4B-00C04F79EFBC}") = "Domain", "src\Domain\Domain.csproj", "{D3DE6750-0ED6-4177-BCA3-FFC62C9002C7}"
EndProject
Project("{FAE04EC0-301F-11D3-BF4B-00C04F79EFBC}") = "Infrastructure", "src\Infrastructure\Infrastructure.csproj", "{6679183E-692C-4CFD-91CF-11AF0055B986}"
EndProject
Project("{FAE04EC0-301F-11D3-BF4B-00C04F79EFBC}") = "WebApi", "src\WebApi\WebApi.csproj", "{11A0082B-5D21-4382-B5D7-077277F601C8}"
EndProject
Project("{2150E333-8FDC-42A3-9474-1A3956D46DE8}") = "solution items", "solution items", "{C70D1A72-EAB3-48F2-AA1C-C175E83FA826}"
	ProjectSection(SolutionItems) = preProject
		Directory.build.props = Directory.build.props
	EndProjectSection
EndProject
Project("{2150E333-8FDC-42A3-9474-1A3956D46DE8}") = "tests", "tests", "{6E9C73B6-8139-4A90-BE18-336A84ABEB1E}"
EndProject
Project("{FAE04EC0-301F-11D3-BF4B-00C04F79EFBC}") = "IntegrationTest", "tests\IntegrationTest\IntegrationTest.csproj", "{CE7C850F-DE09-4131-968F-AD207AA21A82}"
EndProject
Global
	GlobalSection(SolutionConfigurationPlatforms) = preSolution
		Debug|Any CPU = Debug|Any CPU
		Release|Any CPU = Release|Any CPU
	EndGlobalSection
	GlobalSection(ProjectConfigurationPlatforms) = postSolution
		{305B8378-8D99-4C81-A4A8-611151FF9891}.Debug|Any CPU.ActiveCfg = Debug|Any CPU
		{305B8378-8D99-4C81-A4A8-611151FF9891}.Debug|Any CPU.Build.0 = Debug|Any CPU
		{305B8378-8D99-4C81-A4A8-611151FF9891}.Release|Any CPU.ActiveCfg = Release|Any CPU
		{305B8378-8D99-4C81-A4A8-611151FF9891}.Release|Any CPU.Build.0 = Release|Any CPU
		{D3DE6750-0ED6-4177-BCA3-FFC62C9002C7}.Debug|Any CPU.ActiveCfg = Debug|Any CPU
		{D3DE6750-0ED6-4177-BCA3-FFC62C9002C7}.Debug|Any CPU.Build.0 = Debug|Any CPU
		{D3DE6750-0ED6-4177-BCA3-FFC62C9002C7}.Release|Any CPU.ActiveCfg = Release|Any CPU
		{D3DE6750-0ED6-4177-BCA3-FFC62C9002C7}.Release|Any CPU.Build.0 = Release|Any CPU
		{6679183E-692C-4CFD-91CF-11AF0055B986}.Debug|Any CPU.ActiveCfg = Debug|Any CPU
		{6679183E-692C-4CFD-91CF-11AF0055B986}.Debug|Any CPU.Build.0 = Debug|Any CPU
		{6679183E-692C-4CFD-91CF-11AF0055B986}.Release|Any CPU.ActiveCfg = Release|Any CPU
		{6679183E-692C-4CFD-91CF-11AF0055B986}.Release|Any CPU.Build.0 = Release|Any CPU
		{11A0082B-5D21-4382-B5D7-077277F601C8}.Debug|Any CPU.ActiveCfg = Debug|Any CPU
		{11A0082B-5D21-4382-B5D7-077277F601C8}.Debug|Any CPU.Build.0 = Debug|Any CPU
		{11A0082B-5D21-4382-B5D7-077277F601C8}.Release|Any CPU.ActiveCfg = Release|Any CPU
		{11A0082B-5D21-4382-B5D7-077277F601C8}.Release|Any CPU.Build.0 = Release|Any CPU
		{CE7C850F-DE09-4131-968F-AD207AA21A82}.Debug|Any CPU.ActiveCfg = Debug|Any CPU
		{CE7C850F-DE09-4131-968F-AD207AA21A82}.Debug|Any CPU.Build.0 = Debug|Any CPU
		{CE7C850F-DE09-4131-968F-AD207AA21A82}.Release|Any CPU.ActiveCfg = Release|Any CPU
		{CE7C850F-DE09-4131-968F-AD207AA21A82}.Release|Any CPU.Build.0 = Release|Any CPU
	EndGlobalSection
	GlobalSection(SolutionProperties) = preSolution
		HideSolutionNode = FALSE
	EndGlobalSection
	GlobalSection(NestedProjects) = preSolution
		{305B8378-8D99-4C81-A4A8-611151FF9891} = {1C1BF1EB-54EE-4A32-B102-5E4115D35208}
		{D3DE6750-0ED6-4177-BCA3-FFC62C9002C7} = {1C1BF1EB-54EE-4A32-B102-5E4115D35208}
		{6679183E-692C-4CFD-91CF-11AF0055B986} = {1C1BF1EB-54EE-4A32-B102-5E4115D35208}
		{11A0082B-5D21-4382-B5D7-077277F601C8} = {1C1BF1EB-54EE-4A32-B102-5E4115D35208}
		{CE7C850F-DE09-4131-968F-AD207AA21A82} = {6E9C73B6-8139-4A90-BE18-336A84ABEB1E}
	EndGlobalSection
EndGlobal
